
Microsoft Visual Studio Solution File, Format Version 12.00
# Visual Studio Version 17
VisualStudioVersion = 17.1.32228.430
MinimumVisualStudioVersion = 10.0.40219.1
Project("{FAE04EC0-301F-11D3-BF4B-00C04F79EFBC}") = "ISBNQuery", "ISBNQuery\ISBNQuery.csproj", "{E9D181D1-D6A7-40B8-8C08-29C05F963351}"
EndProject
Project("{FAE04EC0-301F-11D3-BF4B-00C04F79EFBC}") = "InterfaceTeste", "InterfaceTeste\InterfaceTeste.csproj", "{8E9A043B-E016-48D6-8751-7FDE6B5D1BDE}"
EndProject
Project("{FAE04EC0-301F-11D3-BF4B-00C04F79EFBC}") = "ISBNQueryTeste", "ISBNQueryTeste\ISBNQueryTeste.csproj", "{615F9B10-08CD-443E-9256-37F978507156}"
EndProject
Global
	GlobalSection(SolutionConfigurationPlatforms) = preSolution
		Debug|Any CPU = Debug|Any CPU
		Release|Any CPU = Release|Any CPU
	EndGlobalSection
	GlobalSection(ProjectConfigurationPlatforms) = postSolution
		{E9D181D1-D6A7-40B8-8C08-29C05F963351}.Debug|Any CPU.ActiveCfg = Debug|Any CPU
		{E9D181D1-D6A7-40B8-8C08-29C05F963351}.Debug|Any CPU.Build.0 = Debug|Any CPU
		{E9D181D1-D6A7-40B8-8C08-29C05F963351}.Release|Any CPU.ActiveCfg = Release|Any CPU
		{E9D181D1-D6A7-40B8-8C08-29C05F963351}.Release|Any CPU.Build.0 = Release|Any CPU
		{8E9A043B-E016-48D6-8751-7FDE6B5D1BDE}.Debug|Any CPU.ActiveCfg = Debug|Any CPU
		{8E9A043B-E016-48D6-8751-7FDE6B5D1BDE}.Debug|Any CPU.Build.0 = Debug|Any CPU
		{8E9A043B-E016-48D6-8751-7FDE6B5D1BDE}.Release|Any CPU.ActiveCfg = Release|Any CPU
		{8E9A043B-E016-48D6-8751-7FDE6B5D1BDE}.Release|Any CPU.Build.0 = Release|Any CPU
		{615F9B10-08CD-443E-9256-37F978507156}.Debug|Any CPU.ActiveCfg = Debug|Any CPU
		{615F9B10-08CD-443E-9256-37F978507156}.Debug|Any CPU.Build.0 = Debug|Any CPU
		{615F9B10-08CD-443E-9256-37F978507156}.Release|Any CPU.ActiveCfg = Release|Any CPU
		{615F9B10-08CD-443E-9256-37F978507156}.Release|Any CPU.Build.0 = Release|Any CPU
	EndGlobalSection
	GlobalSection(SolutionProperties) = preSolution
		HideSolutionNode = FALSE
	EndGlobalSection
	GlobalSection(ExtensibilityGlobals) = postSolution
		SolutionGuid = {FCF2F04A-A80D-46AA-992A-94C33F5F59FF}
	EndGlobalSection
EndGlobal
